
Microsoft Visual Studio Solution File, Format Version 12.00
# Visual Studio Version 17
VisualStudioVersion = 17.0.31903.59
MinimumVisualStudioVersion = 10.0.40219.1
Project("{FAE04EC0-301F-11D3-BF4B-00C04F79EFBC}") = "AccountService.API", "AccountService.API\AccountService.API.csproj", "{F348DA56-5584-4A13-98BD-CA9703823E48}"
EndProject
Project("{FAE04EC0-301F-11D3-BF4B-00C04F79EFBC}") = "AccountService.Application", "AccountService.Application\AccountService.Application.csproj", "{40C9BD68-A1D6-41D8-BAAB-99B7A006544F}"
EndProject
Project("{FAE04EC0-301F-11D3-BF4B-00C04F79EFBC}") = "AccountService.Domain", "AccountService.Domain\AccountService.Domain.csproj", "{1D658AF1-2E90-4AA1-962D-B53A40E4110E}"
EndProject
Project("{FAE04EC0-301F-11D3-BF4B-00C04F79EFBC}") = "AccountService.Infrastructure", "AccountService.Infrastructure\AccountService.Infrastructure.csproj", "{03E02583-F151-41E5-B416-74BA78C22B54}"
EndProject
Project("{FAE04EC0-301F-11D3-BF4B-00C04F79EFBC}") = "AccountService.Tests", "..\..\tests\AccountService.Tests\AccountService.Tests.csproj", "{3A6E35D4-BD4B-4DB7-9C53-A401249FAB88}"
EndProject
Global
	GlobalSection(SolutionConfigurationPlatforms) = preSolution
		Debug|Any CPU = Debug|Any CPU
		Debug|x64 = Debug|x64
		Debug|x86 = Debug|x86
		Release|Any CPU = Release|Any CPU
		Release|x64 = Release|x64
		Release|x86 = Release|x86
	EndGlobalSection
	GlobalSection(ProjectConfigurationPlatforms) = postSolution
		{F348DA56-5584-4A13-98BD-CA9703823E48}.Debug|Any CPU.ActiveCfg = Debug|Any CPU
		{F348DA56-5584-4A13-98BD-CA9703823E48}.Debug|Any CPU.Build.0 = Debug|Any CPU
		{F348DA56-5584-4A13-98BD-CA9703823E48}.Debug|x64.ActiveCfg = Debug|Any CPU
		{F348DA56-5584-4A13-98BD-CA9703823E48}.Debug|x64.Build.0 = Debug|Any CPU
		{F348DA56-5584-4A13-98BD-CA9703823E48}.Debug|x86.ActiveCfg = Debug|Any CPU
		{F348DA56-5584-4A13-98BD-CA9703823E48}.Debug|x86.Build.0 = Debug|Any CPU
		{F348DA56-5584-4A13-98BD-CA9703823E48}.Release|Any CPU.ActiveCfg = Release|Any CPU
		{F348DA56-5584-4A13-98BD-CA9703823E48}.Release|Any CPU.Build.0 = Release|Any CPU
		{F348DA56-5584-4A13-98BD-CA9703823E48}.Release|x64.ActiveCfg = Release|Any CPU
		{F348DA56-5584-4A13-98BD-CA9703823E48}.Release|x64.Build.0 = Release|Any CPU
		{F348DA56-5584-4A13-98BD-CA9703823E48}.Release|x86.ActiveCfg = Release|Any CPU
		{F348DA56-5584-4A13-98BD-CA9703823E48}.Release|x86.Build.0 = Release|Any CPU
		{40C9BD68-A1D6-41D8-BAAB-99B7A006544F}.Debug|Any CPU.ActiveCfg = Debug|Any CPU
		{40C9BD68-A1D6-41D8-BAAB-99B7A006544F}.Debug|Any CPU.Build.0 = Debug|Any CPU
		{40C9BD68-A1D6-41D8-BAAB-99B7A006544F}.Debug|x64.ActiveCfg = Debug|Any CPU
		{40C9BD68-A1D6-41D8-BAAB-99B7A006544F}.Debug|x64.Build.0 = Debug|Any CPU
		{40C9BD68-A1D6-41D8-BAAB-99B7A006544F}.Debug|x86.ActiveCfg = Debug|Any CPU
		{40C9BD68-A1D6-41D8-BAAB-99B7A006544F}.Debug|x86.Build.0 = Debug|Any CPU
		{40C9BD68-A1D6-41D8-BAAB-99B7A006544F}.Release|Any CPU.ActiveCfg = Release|Any CPU
		{40C9BD68-A1D6-41D8-BAAB-99B7A006544F}.Release|Any CPU.Build.0 = Release|Any CPU
		{40C9BD68-A1D6-41D8-BAAB-99B7A006544F}.Release|x64.ActiveCfg = Release|Any CPU
		{40C9BD68-A1D6-41D8-BAAB-99B7A006544F}.Release|x64.Build.0 = Release|Any CPU
		{40C9BD68-A1D6-41D8-BAAB-99B7A006544F}.Release|x86.ActiveCfg = Release|Any CPU
		{40C9BD68-A1D6-41D8-BAAB-99B7A006544F}.Release|x86.Build.0 = Release|Any CPU
		{1D658AF1-2E90-4AA1-962D-B53A40E4110E}.Debug|Any CPU.ActiveCfg = Debug|Any CPU
		{1D658AF1-2E90-4AA1-962D-B53A40E4110E}.Debug|Any CPU.Build.0 = Debug|Any CPU
		{1D658AF1-2E90-4AA1-962D-B53A40E4110E}.Debug|x64.ActiveCfg = Debug|Any CPU
		{1D658AF1-2E90-4AA1-962D-B53A40E4110E}.Debug|x64.Build.0 = Debug|Any CPU
		{1D658AF1-2E90-4AA1-962D-B53A40E4110E}.Debug|x86.ActiveCfg = Debug|Any CPU
		{1D658AF1-2E90-4AA1-962D-B53A40E4110E}.Debug|x86.Build.0 = Debug|Any CPU
		{1D658AF1-2E90-4AA1-962D-B53A40E4110E}.Release|Any CPU.ActiveCfg = Release|Any CPU
		{1D658AF1-2E90-4AA1-962D-B53A40E4110E}.Release|Any CPU.Build.0 = Release|Any CPU
		{1D658AF1-2E90-4AA1-962D-B53A40E4110E}.Release|x64.ActiveCfg = Release|Any CPU
		{1D658AF1-2E90-4AA1-962D-B53A40E4110E}.Release|x64.Build.0 = Release|Any CPU
		{1D658AF1-2E90-4AA1-962D-B53A40E4110E}.Release|x86.ActiveCfg = Release|Any CPU
		{1D658AF1-2E90-4AA1-962D-B53A40E4110E}.Release|x86.Build.0 = Release|Any CPU
		{03E02583-F151-41E5-B416-74BA78C22B54}.Debug|Any CPU.ActiveCfg = Debug|Any CPU
		{03E02583-F151-41E5-B416-74BA78C22B54}.Debug|Any CPU.Build.0 = Debug|Any CPU
		{03E02583-F151-41E5-B416-74BA78C22B54}.Debug|x64.ActiveCfg = Debug|Any CPU
		{03E02583-F151-41E5-B416-74BA78C22B54}.Debug|x64.Build.0 = Debug|Any CPU
		{03E02583-F151-41E5-B416-74BA78C22B54}.Debug|x86.ActiveCfg = Debug|Any CPU
		{03E02583-F151-41E5-B416-74BA78C22B54}.Debug|x86.Build.0 = Debug|Any CPU
		{03E02583-F151-41E5-B416-74BA78C22B54}.Release|Any CPU.ActiveCfg = Release|Any CPU
		{03E02583-F151-41E5-B416-74BA78C22B54}.Release|Any CPU.Build.0 = Release|Any CPU
		{03E02583-F151-41E5-B416-74BA78C22B54}.Release|x64.ActiveCfg = Release|Any CPU
		{03E02583-F151-41E5-B416-74BA78C22B54}.Release|x64.Build.0 = Release|Any CPU
		{03E02583-F151-41E5-B416-74BA78C22B54}.Release|x86.ActiveCfg = Release|Any CPU
		{03E02583-F151-41E5-B416-74BA78C22B54}.Release|x86.Build.0 = Release|Any CPU
		{3A6E35D4-BD4B-4DB7-9C53-A401249FAB88}.Debug|Any CPU.ActiveCfg = Debug|Any CPU
		{3A6E35D4-BD4B-4DB7-9C53-A401249FAB88}.Debug|Any CPU.Build.0 = Debug|Any CPU
		{3A6E35D4-BD4B-4DB7-9C53-A401249FAB88}.Debug|x64.ActiveCfg = Debug|Any CPU
		{3A6E35D4-BD4B-4DB7-9C53-A401249FAB88}.Debug|x64.Build.0 = Debug|Any CPU
		{3A6E35D4-BD4B-4DB7-9C53-A401249FAB88}.Debug|x86.ActiveCfg = Debug|Any CPU
		{3A6E35D4-BD4B-4DB7-9C53-A401249FAB88}.Debug|x86.Build.0 = Debug|Any CPU
		{3A6E35D4-BD4B-4DB7-9C53-A401249FAB88}.Release|Any CPU.ActiveCfg = Release|Any CPU
		{3A6E35D4-BD4B-4DB7-9C53-A401249FAB88}.Release|Any CPU.Build.0 = Release|Any CPU
		{3A6E35D4-BD4B-4DB7-9C53-A401249FAB88}.Release|x64.ActiveCfg = Release|Any CPU
		{3A6E35D4-BD4B-4DB7-9C53-A401249FAB88}.Release|x64.Build.0 = Release|Any CPU
		{3A6E35D4-BD4B-4DB7-9C53-A401249FAB88}.Release|x86.ActiveCfg = Release|Any CPU
		{3A6E35D4-BD4B-4DB7-9C53-A401249FAB88}.Release|x86.Build.0 = Release|Any CPU
	EndGlobalSection
	GlobalSection(SolutionProperties) = preSolution
		HideSolutionNode = FALSE
	EndGlobalSection
EndGlobal
